#MicroXplorer Configuration settings - do not modify
PC13-ANTI_TAMP.GPIO_Speed=GPIO_SPEED_FREQ_LOW
Mcu.Family=STM32F4
ProjectManager.MainLocation=Core/Src
PA2.GPIO_PuPd=GPIO_PULLUP
VP_TIM5_VS_ClockSourceINT.Mode=Internal
Dma.SPI1_TX.0.MemInc=DMA_MINC_ENABLE
Dma.SPI1_TX.0.PeriphInc=DMA_PINC_DISABLE
RCC.CortexFreq_Value=84000000
Dma.ADC1.1.MemDataAlignment=DMA_MDATAALIGN_WORD
ProjectManager.KeepUserCode=true
Mcu.UserName=STM32F401CCUx
SPI1.VirtualType=VM_MASTER
VP_TIM5_VS_ClockSourceINT.Signal=TIM5_VS_ClockSourceINT
Dma.USART1_TX.3.MemInc=DMA_MINC_ENABLE
Dma.USART1_TX.3.MemDataAlignment=DMA_MDATAALIGN_BYTE
RCC.PLLCLKFreq_Value=84000000
Dma.USART1_RX.2.Instance=DMA2_Stream5
RCC.PLLQCLKFreq_Value=84000000
Dma.USART1_TX.3.Direction=DMA_MEMORY_TO_PERIPH
PA3.GPIO_PuPd=GPIO_PULLUP
PB6.GPIO_ModeDefaultEXTI=GPIO_MODE_IT_FALLING
ProjectManager.functionlistsort=1-MX_GPIO_Init-GPIO-false-HAL-true,2-MX_DMA_Init-DMA-false-HAL-true,3-SystemClock_Config-RCC-false-HAL-false,4-MX_SPI1_Init-SPI1-false-HAL-true,5-MX_USART1_UART_Init-USART1-false-HAL-true,6-MX_ADC1_Init-ADC1-false-HAL-true,7-MX_TIM3_Init-TIM3-false-HAL-true,8-MX_TIM4_Init-TIM4-false-HAL-true,9-MX_TIM5_Init-TIM5-false-HAL-true,10-MX_TIM9_Init-TIM9-false-HAL-true
PA2.GPIO_Speed=GPIO_SPEED_FREQ_VERY_HIGH
RCC.RTCFreq_Value=32768
PA3.GPIOParameters=GPIO_Speed,PinState,GPIO_PuPd,GPIO_Label,GPIO_ModeDefaultOutputPP
PB6.GPIO_Label=KEY_L
USART1.IPParameters=VirtualMode
PB7.GPIO_ModeDefaultEXTI=GPIO_MODE_IT_FALLING
PA3.GPIO_Speed=GPIO_SPEED_FREQ_VERY_HIGH
PA2.GPIOParameters=GPIO_Speed,PinState,GPIO_PuPd,GPIO_Label,GPIO_ModeDefaultOutputPP
PinOutPanel.RotationAngle=0
PB3.GPIO_Speed=GPIO_SPEED_FREQ_HIGH
RCC.SYSCLKSource=RCC_SYSCLKSOURCE_PLLCLK
ProjectManager.StackSize=0x400
PB5.GPIOParameters=GPIO_PuPd,GPIO_Label,GPIO_ModeDefaultEXTI
Mcu.IP4=SPI1
SH.GPXTI7.ConfNb=1
RCC.FCLKCortexFreq_Value=84000000
Mcu.IP5=SYS
Mcu.IP2=NVIC
NVIC.SVCall_IRQn=true\:0\:0\:false\:false\:true\:false\:false
Mcu.IP3=RCC
Mcu.IP0=ADC1
PB4.GPIOParameters=GPIO_Speed,PinState,GPIO_PuPd,GPIO_Label,GPIO_ModeDefaultOutputPP
Mcu.IP1=DMA
Dma.USART1_TX.3.FIFOMode=DMA_FIFOMODE_DISABLE
Mcu.UserConstants=
PH0\ -\ OSC_IN.Signal=RCC_OSC_IN
NVIC.TIM5_IRQn=true\:0\:0\:false\:false\:true\:true\:true
RCC.RCC_RTC_Clock_Source=RCC_RTCCLKSOURCE_LSE
PB3.PinState=GPIO_PIN_SET
Dma.ADC1.1.Instance=DMA2_Stream0
Mcu.ThirdPartyNb=0
SPI1.Direction=SPI_DIRECTION_2LINES
RCC.HCLKFreq_Value=84000000
Mcu.IPNb=11
RCC.I2SClocksFreq_Value=192000000
ProjectManager.PreviousToolchain=
RCC.APB2TimFreq_Value=84000000
TIM3.Period=99
PB6.Signal=GPXTI6
RCC.VcooutputI2S=192000000
Dma.ADC1.1.PeriphDataAlignment=DMA_PDATAALIGN_WORD
Dma.USART1_TX.3.Mode=DMA_NORMAL
PB12.PinState=GPIO_PIN_SET
SPI1.CalculateBaudRate=21.0 MBits/s
Mcu.Pin6=PA4
Mcu.Pin7=PA5
NVIC.DMA2_Stream0_IRQn=true\:0\:0\:false\:false\:true\:false\:true
Mcu.Pin8=PA7
Mcu.Pin9=PB12
RCC.AHBFreq_Value=84000000
Mcu.Pin0=PC13-ANTI_TAMP
Mcu.Pin1=PH0 - OSC_IN
GPIO.groupedBy=Group By Peripherals
Mcu.Pin2=PH1 - OSC_OUT
Mcu.Pin3=PA0-WKUP
Mcu.Pin4=PA2
Mcu.Pin5=PA3
ADC1.Channel-0\#ChannelRegularConversion=ADC_CHANNEL_0
ProjectManager.ProjectBuild=false
RCC.HSE_VALUE=8000000
NVIC.UsageFault_IRQn=true\:0\:0\:false\:false\:true\:false\:false
NVIC.DebugMonitor_IRQn=true\:0\:0\:false\:false\:true\:false\:false
PA4.GPIO_PuPd=GPIO_PULLUP
PB12.GPIO_ModeDefaultOutputPP=GPIO_MODE_OUTPUT_PP
PA4.Locked=true
Mcu.IP10=USART1
PC13-ANTI_TAMP.Signal=GPIO_Output
NVIC.SysTick_IRQn=true\:0\:0\:false\:false\:true\:false\:true
PA4.GPIO_Speed=GPIO_SPEED_FREQ_VERY_HIGH
SH.GPXTI7.0=GPIO_EXTI7
PB12.GPIO_Label=OLED_PW
ProjectManager.FirmwarePackage=STM32Cube FW_F4 V1.25.2
MxDb.Version=DB.6.0.10
PA2.PinState=GPIO_PIN_SET
PB3.GPIO_PuPd=GPIO_NOPULL
ProjectManager.BackupPrevious=false
RCC.VCOInputFreq_Value=2000000
Dma.ADC1.1.RequestParameters=Instance,Direction,PeriphInc,MemInc,PeriphDataAlignment,MemDataAlignment,Mode,Priority,FIFOMode
PA14.Mode=Serial_Wire
TIM3.Prescaler=83
Dma.USART1_TX.3.PeriphInc=DMA_PINC_DISABLE
File.Version=6
Dma.ADC1.1.Priority=DMA_PRIORITY_LOW
PB3.GPIOParameters=GPIO_Speed,PinState,GPIO_PuPd,GPIO_Label,GPIO_ModeDefaultOutputPP
PB7.Signal=GPXTI7
Dma.ADC1.1.Mode=DMA_CIRCULAR
SH.ADCx_IN0.0=ADC1_IN0,IN0
PB6.Locked=true
NVIC.PendSV_IRQn=true\:0\:0\:false\:false\:true\:false\:false
TIM4.Period=99
Dma.RequestsNb=4
PB6.GPIOParameters=GPIO_PuPd,GPIO_Label,GPIO_ModeDefaultEXTI
ProjectManager.HalAssertFull=false
ADC1.SamplingTime-0\#ChannelRegularConversion=ADC_SAMPLETIME_3CYCLES
Dma.USART1_TX.3.Instance=DMA2_Stream7
TIM9.Prescaler=8399
ProjectManager.ProjectName=Thunder-RefixV01
PB7.GPIO_Label=KEY_R
Dma.SPI1_TX.0.Mode=DMA_NORMAL
PB9.Signal=GPIO_Analog
Mcu.Package=UFQFPN48
NVIC.DMA2_Stream7_IRQn=true\:0\:0\:false\:false\:true\:false\:true
PA2.GPIO_ModeDefaultOutputPP=GPIO_MODE_OUTPUT_PP
Dma.ADC1.1.Direction=DMA_PERIPH_TO_MEMORY
ProjectManager.ToolChainLocation=
PA2.GPIO_Label=OLED_RST
RCC.LSI_VALUE=32000
VP_SYS_VS_Systick.Signal=SYS_VS_Systick
Dma.ADC1.1.MemInc=DMA_MINC_ENABLE
SH.GPXTI5.ConfNb=1
PA10.Signal=USART1_RX
PA4.GPIO_ModeDefaultOutputPP=GPIO_MODE_OUTPUT_PP
PB5.GPIO_Label=DS_INT
Dma.Request2=USART1_RX
Dma.Request1=ADC1
RCC.APB1TimFreq_Value=84000000
Dma.Request3=USART1_TX
NVIC.BusFault_IRQn=true\:0\:0\:false\:false\:true\:false\:false
NVIC.USART1_IRQn=true\:0\:0\:false\:false\:true\:true\:true
Dma.Request0=SPI1_TX
SPI1.BaudRatePrescaler=SPI_BAUDRATEPRESCALER_4
PB4.PinState=GPIO_PIN_SET
PA4.GPIO_Label=OLED_CS
TIM9.IPParameters=Prescaler,Period,AutoReloadPreload
ProjectManager.CustomerFirmwarePackage=
VP_TIM3_VS_ClockSourceINT.Mode=Internal
TIM9.Period=9999
Dma.USART1_RX.2.MemDataAlignment=DMA_MDATAALIGN_BYTE
PB3.Locked=true
PB4.Signal=GPIO_Output
PB4.GPIO_ModeDefaultOutputPP=GPIO_MODE_OUTPUT_PP
PA3.Signal=GPIO_Output
PA5.Mode=TX_Only_Simplex_Unidirect_Master
PC13-ANTI_TAMP.GPIOParameters=GPIO_Speed,PinState,GPIO_PuPd,GPIO_Label,GPIO_ModeDefaultOutputPP
PA2.Locked=true
PB3.GPIO_Label=DS_SDA
PB5.GPIO_ModeDefaultEXTI=GPIO_MODE_IT_FALLING
PB7.GPIO_PuPd=GPIO_PULLUP
RCC.PLLSourceVirtual=RCC_PLLSOURCE_HSE
SH.GPXTI5.0=GPIO_EXTI5
ProjectManager.ProjectFileName=Thunder-RefixV01.ioc
TIM4.AutoReloadPreload=TIM_AUTORELOAD_PRELOAD_ENABLE
PA3.GPIO_ModeDefaultOutputPP=GPIO_MODE_OUTPUT_PP
ADC1.Rank-0\#ChannelRegularConversion=1
PA7.Mode=TX_Only_Simplex_Unidirect_Master
TIM5.IPParameters=Prescaler,Period
PB9.GPIO_Label=BAT_DET
PA10.Mode=Asynchronous
Mcu.PinsNb=25
PC13-ANTI_TAMP.GPIO_PuPd=GPIO_PULLUP
ProjectManager.NoMain=false
SPI1.IPParameters=VirtualType,Mode,Direction,CalculateBaudRate,BaudRatePrescaler
PC13-ANTI_TAMP.GPIO_Label=SYSLED
ADC1.IPParameters=Rank-0\#ChannelRegularConversion,master,Channel-0\#ChannelRegularConversion,SamplingTime-0\#ChannelRegularConversion,NbrOfConversionFlag,ExternalTrigConv
PB6.GPIO_PuPd=GPIO_PULLUP
PH1\ -\ OSC_OUT.Mode=HSE-External-Oscillator
ProjectManager.DefaultFWLocation=true
PB12.Locked=true
ProjectManager.DeletePrevious=true
RCC.APB1CLKDivider=RCC_HCLK_DIV2
Dma.USART1_TX.3.RequestParameters=Instance,Direction,PeriphInc,MemInc,PeriphDataAlignment,MemDataAlignment,Mode,Priority,FIFOMode
Dma.USART1_RX.2.PeriphInc=DMA_PINC_DISABLE
PC13-ANTI_TAMP.PinState=GPIO_PIN_SET
VP_TIM9_VS_ClockSourceINT.Signal=TIM9_VS_ClockSourceINT
PA0-WKUP.Signal=ADCx_IN0
PA0-WKUP.Locked=true
PB9.GPIOParameters=GPIO_Label
SH.GPXTI6.0=GPIO_EXTI6
PA13.Signal=SYS_JTMS-SWDIO
SH.GPXTI6.ConfNb=1
Dma.SPI1_TX.0.FIFOMode=DMA_FIFOMODE_DISABLE
PA9.Mode=Asynchronous
PH0\ -\ OSC_IN.Mode=HSE-External-Oscillator
Dma.SPI1_TX.0.RequestParameters=Instance,Direction,PeriphInc,MemInc,PeriphDataAlignment,MemDataAlignment,Mode,Priority,FIFOMode
PA4.PinState=GPIO_PIN_SET
VP_TIM4_VS_ClockSourceINT.Signal=TIM4_VS_ClockSourceINT
ProjectManager.TargetToolchain=MDK-ARM V5.27
TIM4.IPParameters=Prescaler,Period,AutoReloadPreload
Dma.USART1_RX.2.Mode=DMA_NORMAL
PB7.GPIOParameters=GPIO_PuPd,GPIO_Label,GPIO_ModeDefaultEXTI
Dma.SPI1_TX.0.PeriphDataAlignment=DMA_PDATAALIGN_BYTE
Dma.SPI1_TX.0.Direction=DMA_MEMORY_TO_PERIPH
Dma.USART1_RX.2.PeriphDataAlignment=DMA_PDATAALIGN_BYTE
PA9.Signal=USART1_TX
Dma.USART1_TX.3.PeriphDataAlignment=DMA_PDATAALIGN_BYTE
PB5.Locked=true
PB9.Locked=true
PB4.GPIO_PuPd=GPIO_PULLUP
ProjectManager.RegisterCallBack=
VP_TIM3_VS_ClockSourceINT.Signal=TIM3_VS_ClockSourceINT
NVIC.DMA2_Stream3_IRQn=true\:0\:0\:false\:false\:true\:false\:true
TIM4.Prescaler=8399
RCC.LSE_VALUE=32768
PB12.GPIO_Speed=GPIO_SPEED_FREQ_LOW
RCC.VCOI2SOutputFreq_Value=384000000
PA5.Signal=SPI1_SCK
PH1\ -\ OSC_OUT.Signal=RCC_OSC_OUT
board=custom
Dma.USART1_RX.2.FIFOMode=DMA_FIFOMODE_DISABLE
RCC.VCOOutputFreq_Value=336000000
PC13-ANTI_TAMP.Locked=true
ProjectManager.LastFirmware=true
PC13-ANTI_TAMP.GPIO_ModeDefaultOutputPP=GPIO_MODE_OUTPUT_PP
TIM9.AutoReloadPreload=TIM_AUTORELOAD_PRELOAD_ENABLE
VP_TIM9_VS_ClockSourceINT.Mode=Internal
Dma.USART1_RX.2.Priority=DMA_PRIORITY_HIGH
Dma.ADC1.1.FIFOMode=DMA_FIFOMODE_DISABLE
PB4.GPIO_Speed=GPIO_SPEED_FREQ_HIGH
RCC.APB2Freq_Value=84000000
Dma.USART1_RX.2.Direction=DMA_PERIPH_TO_MEMORY
MxCube.Version=6.1.1
PB4.GPIO_Label=DS_SCL
SPI1.Mode=SPI_MODE_MASTER
SH.ADCx_IN0.ConfNb=1
NVIC.DMA2_Stream5_IRQn=true\:0\:0\:false\:false\:true\:false\:true
VP_SYS_VS_Systick.Mode=SysTick
TIM3.IPParameters=Prescaler,Period,TIM_MasterOutputTrigger
RCC.RCC_RTC_Clock_SourceVirtual=RCC_RTCCLKSOURCE_LSE
Dma.SPI1_TX.0.Instance=DMA2_Stream3
NVIC.NonMaskableInt_IRQn=true\:0\:0\:false\:false\:true\:false\:false
PA4.GPIOParameters=GPIO_Speed,PinState,GPIO_PuPd,GPIO_Label,GPIO_ModeDefaultOutputPP
Dma.ADC1.1.PeriphInc=DMA_PINC_DISABLE
PA13.Mode=Serial_Wire
ProjectManager.FreePins=false
RCC.IPParameters=48MHZClocksFreq_Value,AHBFreq_Value,APB1CLKDivider,APB1Freq_Value,APB1TimFreq_Value,APB2Freq_Value,APB2TimFreq_Value,CortexFreq_Value,FCLKCortexFreq_Value,HCLKFreq_Value,HSE_VALUE,HSI_VALUE,I2SClocksFreq_Value,LSE_VALUE,LSI_VALUE,PLLCLKFreq_Value,PLLM,PLLN,PLLP,PLLQCLKFreq_Value,PLLSourceVirtual,RCC_RTC_Clock_Source,RCC_RTC_Clock_SourceVirtual,RTCFreq_Value,RTCHSEDivFreq_Value,SYSCLKFreq_VALUE,SYSCLKSource,VCOI2SOutputFreq_Value,VCOInputFreq_Value,VCOOutputFreq_Value,VcooutputI2S
ProjectManager.AskForMigrate=false
Mcu.Name=STM32F401C(B-C)Ux
Dma.USART1_RX.2.MemInc=DMA_MINC_ENABLE
NVIC.TIM1_BRK_TIM9_IRQn=true\:0\:0\:false\:false\:true\:true\:true
RCC.RTCHSEDivFreq_Value=4000000
PA2.Signal=GPIO_Output
Mcu.Pin24=VP_TIM9_VS_ClockSourceINT
Dma.USART1_TX.3.Priority=DMA_PRIORITY_MEDIUM
ProjectManager.UnderRoot=false
Mcu.IP8=TIM5
ADC1.ExternalTrigConv=ADC_EXTERNALTRIGCONV_T3_TRGO
Mcu.IP9=TIM9
Mcu.IP6=TIM3
Mcu.IP7=TIM4
ProjectManager.CoupleFile=true
PB4.Locked=true
RCC.48MHZClocksFreq_Value=84000000
PB3.Signal=GPIO_Output
PA4.Signal=GPIO_Output
RCC.SYSCLKFreq_VALUE=84000000
PB5.Signal=GPXTI5
Mcu.Pin22=VP_TIM4_VS_ClockSourceINT
Mcu.Pin23=VP_TIM5_VS_ClockSourceINT
Mcu.Pin20=VP_SYS_VS_Systick
ADC1.master=1
PA3.Locked=true
Mcu.Pin21=VP_TIM3_VS_ClockSourceINT
NVIC.ForceEnableDMAVector=true
KeepUserPlacement=false
TIM5.Prescaler=8399
PB5.GPIO_PuPd=GPIO_PULLUP
NVIC.MemoryManagement_IRQn=true\:0\:0\:false\:false\:true\:false\:false
USART1.VirtualMode=VM_ASYNC
ProjectManager.CompilerOptimize=6
NVIC.EXTI9_5_IRQn=true\:0\:0\:false\:false\:true\:true\:true
PA14.Signal=SYS_JTCK-SWCLK
ProjectManager.HeapSize=0x200
Mcu.Pin15=PB4
Dma.SPI1_TX.0.MemDataAlignment=DMA_MDATAALIGN_BYTE
Dma.SPI1_TX.0.Priority=DMA_PRIORITY_LOW
NVIC.HardFault_IRQn=true\:0\:0\:false\:false\:true\:false\:false
Mcu.Pin16=PB5
Mcu.Pin13=PA14
Mcu.Pin14=PB3
Mcu.Pin19=PB9
ProjectManager.ComputerToolchain=false
Mcu.Pin17=PB6
RCC.HSI_VALUE=16000000
Mcu.Pin18=PB7
VP_TIM4_VS_ClockSourceINT.Mode=Internal
RCC.PLLP=RCC_PLLP_DIV4
NVIC.PriorityGroup=NVIC_PRIORITYGROUP_4
ADC1.NbrOfConversionFlag=1
Mcu.Pin11=PA10
Mcu.Pin12=PA13
RCC.PLLM=4
RCC.PLLN=168
Mcu.Pin10=PA9
Dma.USART1_RX.2.RequestParameters=Instance,Direction,PeriphInc,MemInc,PeriphDataAlignment,MemDataAlignment,Mode,Priority,FIFOMode
PB7.Locked=true
PA3.PinState=GPIO_PIN_SET
NVIC.FPU_IRQn=true\:0\:0\:false\:false\:true\:true\:false
TIM5.Period=199
TIM3.TIM_MasterOutputTrigger=TIM_TRGO_UPDATE
PB12.GPIO_PuPd=GPIO_PULLUP
NVIC.TIM4_IRQn=true\:0\:0\:false\:false\:true\:true\:true
RCC.APB1Freq_Value=42000000
ProjectManager.DeviceId=STM32F401CCUx
PB12.GPIOParameters=GPIO_Speed,PinState,GPIO_PuPd,GPIO_Label,GPIO_ModeDefaultOutputPP
PB12.Signal=GPIO_Output
ProjectManager.LibraryCopy=1
PB3.GPIO_ModeDefaultOutputPP=GPIO_MODE_OUTPUT_PP
PA3.GPIO_Label=OLED_DC
PA7.Signal=SPI1_MOSI
